
Microsoft Visual Studio Solution File, Format Version 12.00
# Visual Studio Version 16
VisualStudioVersion = 16.0.30114.105
MinimumVisualStudioVersion = 10.0.40219.1
Project("{9A19103F-16F7-4668-BE54-9A1E7A4F7556}") = "IdentityProvider", "IdentityProvider\IdentityProvider.csproj", "{130A257C-A56E-4DF7-B345-29E55DAFE008}"
EndProject
Project("{9A19103F-16F7-4668-BE54-9A1E7A4F7556}") = "API", "API\API.csproj", "{E7164672-4D5C-4BDD-948A-C90D6ABC97CF}"
EndProject
Project("{9A19103F-16F7-4668-BE54-9A1E7A4F7556}") = "Client", "Client\Client.csproj", "{EAC3E41C-1FE3-49BC-988F-2027E09D04DB}"
EndProject
Global
	GlobalSection(SolutionConfigurationPlatforms) = preSolution
		Debug|Any CPU = Debug|Any CPU
		Release|Any CPU = Release|Any CPU
	EndGlobalSection
	GlobalSection(ProjectConfigurationPlatforms) = postSolution
		{130A257C-A56E-4DF7-B345-29E55DAFE008}.Debug|Any CPU.ActiveCfg = Debug|Any CPU
		{130A257C-A56E-4DF7-B345-29E55DAFE008}.Debug|Any CPU.Build.0 = Debug|Any CPU
		{130A257C-A56E-4DF7-B345-29E55DAFE008}.Release|Any CPU.ActiveCfg = Release|Any CPU
		{130A257C-A56E-4DF7-B345-29E55DAFE008}.Release|Any CPU.Build.0 = Release|Any CPU
		{E7164672-4D5C-4BDD-948A-C90D6ABC97CF}.Debug|Any CPU.ActiveCfg = Debug|Any CPU
		{E7164672-4D5C-4BDD-948A-C90D6ABC97CF}.Debug|Any CPU.Build.0 = Debug|Any CPU
		{E7164672-4D5C-4BDD-948A-C90D6ABC97CF}.Release|Any CPU.ActiveCfg = Release|Any CPU
		{E7164672-4D5C-4BDD-948A-C90D6ABC97CF}.Release|Any CPU.Build.0 = Release|Any CPU
		{EAC3E41C-1FE3-49BC-988F-2027E09D04DB}.Debug|Any CPU.ActiveCfg = Debug|Any CPU
		{EAC3E41C-1FE3-49BC-988F-2027E09D04DB}.Debug|Any CPU.Build.0 = Debug|Any CPU
		{EAC3E41C-1FE3-49BC-988F-2027E09D04DB}.Release|Any CPU.ActiveCfg = Release|Any CPU
		{EAC3E41C-1FE3-49BC-988F-2027E09D04DB}.Release|Any CPU.Build.0 = Release|Any CPU
	EndGlobalSection
	GlobalSection(SolutionProperties) = preSolution
		HideSolutionNode = FALSE
	EndGlobalSection
	GlobalSection(ExtensibilityGlobals) = postSolution
		SolutionGuid = {AD863000-6A91-40B8-8146-841C2D9EE600}
	EndGlobalSection
EndGlobal
