Microsoft Visual Studio Solution File, Format Version 12.00
# Visual Studio 15
VisualStudioVersion = 15.0.26403.7
MinimumVisualStudioVersion = 10.0.40219.1
Project("{FAE04EC0-301F-11D3-BF4B-00C04F79EFBC}") = "OpenIdConnectClient", "OpenIdConnectClient.csproj", "{4785E66C-FBC2-49C7-8A2E-00373B39F0D1}"
EndProject
Global
	GlobalSection(SolutionConfigurationPlatforms) = preSolution
		Debug|Any CPU = Debug|Any CPU
		Debug|x64 = Debug|x64
		Debug|x86 = Debug|x86
		Release|Any CPU = Release|Any CPU
		Release|x64 = Release|x64
		Release|x86 = Release|x86
	EndGlobalSection
	GlobalSection(ProjectConfigurationPlatforms) = postSolution
		{4785E66C-FBC2-49C7-8A2E-00373B39F0D1}.Debug|Any CPU.ActiveCfg = Debug|Any CPU
		{4785E66C-FBC2-49C7-8A2E-00373B39F0D1}.Debug|Any CPU.Build.0 = Debug|Any CPU
		{4785E66C-FBC2-49C7-8A2E-00373B39F0D1}.Debug|x64.ActiveCfg = Debug|Any CPU
		{4785E66C-FBC2-49C7-8A2E-00373B39F0D1}.Debug|x86.ActiveCfg = Debug|Any CPU
		{4785E66C-FBC2-49C7-8A2E-00373B39F0D1}.Release|Any CPU.ActiveCfg = Release|Any CPU
		{4785E66C-FBC2-49C7-8A2E-00373B39F0D1}.Release|Any CPU.Build.0 = Release|Any CPU
		{4785E66C-FBC2-49C7-8A2E-00373B39F0D1}.Release|x64.ActiveCfg = Release|Any CPU
		{4785E66C-FBC2-49C7-8A2E-00373B39F0D1}.Release|x86.ActiveCfg = Release|Any CPU
	EndGlobalSection
	GlobalSection(SolutionProperties) = preSolution
		HideSolutionNode = FALSE
	EndGlobalSection
EndGlobal
